// !$*UTF8*$!
{
	archiveVersion = 1;
	classes = {
	};
	objectVersion = 56;
	objects = {

/* Begin PBXBuildFile section */
		D03E04D02A829EAB0073973E /* Ticket.xcdatamodeld in Sources */ = {isa = PBXBuildFile; fileRef = D03E04CE2A829EAB0073973E /* Ticket.xcdatamodeld */; };
		D08D7F9E2A83AA8B001D4925 /* QRCodeScannerModel.swift in Sources */ = {isa = PBXBuildFile; fileRef = D08D7F9D2A83AA8B001D4925 /* QRCodeScannerModel.swift */; };
		D08D7FA02A83AABA001D4925 /* QRCodeScannerView.swift in Sources */ = {isa = PBXBuildFile; fileRef = D08D7F9F2A83AABA001D4925 /* QRCodeScannerView.swift */; };
		D0930C082A8BAD6100DE074E /* QRCodeScannerEnvironment.swift in Sources */ = {isa = PBXBuildFile; fileRef = D0930C072A8BAD6100DE074E /* QRCodeScannerEnvironment.swift */; };
		D0AF23802A83D08E0019504A /* PersistenceController.swift in Sources */ = {isa = PBXBuildFile; fileRef = D0AF237F2A83D08E0019504A /* PersistenceController.swift */; };
		D0CF04492A8292D200CEEE8E /* Ticket.swift in Sources */ = {isa = PBXBuildFile; fileRef = D0CF04482A8292D200CEEE8E /* Ticket.swift */; };
		D0CF044F2A8293DE00CEEE8E /* MainView.swift in Sources */ = {isa = PBXBuildFile; fileRef = D0CF044E2A8293DE00CEEE8E /* MainView.swift */; };
		D0CF04512A82940C00CEEE8E /* InitView.swift in Sources */ = {isa = PBXBuildFile; fileRef = D0CF04502A82940C00CEEE8E /* InitView.swift */; };
		D0CF04532A82942A00CEEE8E /* DatabaseView.swift in Sources */ = {isa = PBXBuildFile; fileRef = D0CF04522A82942A00CEEE8E /* DatabaseView.swift */; };
		D0CF04552A82944D00CEEE8E /* ScanView.swift in Sources */ = {isa = PBXBuildFile; fileRef = D0CF04542A82944D00CEEE8E /* ScanView.swift */; };
		D0E9C8EE2A82909C00C61537 /* TicketerApp.swift in Sources */ = {isa = PBXBuildFile; fileRef = D0E9C8ED2A82909C00C61537 /* TicketerApp.swift */; };
		D0E9C8F22A82909D00C61537 /* Assets.xcassets in Resources */ = {isa = PBXBuildFile; fileRef = D0E9C8F12A82909D00C61537 /* Assets.xcassets */; };
		D0E9C8F52A82909D00C61537 /* Preview Assets.xcassets in Resources */ = {isa = PBXBuildFile; fileRef = D0E9C8F42A82909D00C61537 /* Preview Assets.xcassets */; };
		D0E9C8FF2A82909D00C61537 /* TicketerTests.swift in Sources */ = {isa = PBXBuildFile; fileRef = D0E9C8FE2A82909D00C61537 /* TicketerTests.swift */; };
		D0E9C9092A82909D00C61537 /* TicketerUITests.swift in Sources */ = {isa = PBXBuildFile; fileRef = D0E9C9082A82909D00C61537 /* TicketerUITests.swift */; };
		D0E9C90B2A82909D00C61537 /* TicketerUITestsLaunchTests.swift in Sources */ = {isa = PBXBuildFile; fileRef = D0E9C90A2A82909D00C61537 /* TicketerUITestsLaunchTests.swift */; };
/* End PBXBuildFile section */

/* Begin PBXContainerItemProxy section */
		D0E9C8FB2A82909D00C61537 /* PBXContainerItemProxy */ = {
			isa = PBXContainerItemProxy;
			containerPortal = D0E9C8E22A82909C00C61537 /* Project object */;
			proxyType = 1;
			remoteGlobalIDString = D0E9C8E92A82909C00C61537;
			remoteInfo = Ticketer;
		};
		D0E9C9052A82909D00C61537 /* PBXContainerItemProxy */ = {
			isa = PBXContainerItemProxy;
			containerPortal = D0E9C8E22A82909C00C61537 /* Project object */;
			proxyType = 1;
			remoteGlobalIDString = D0E9C8E92A82909C00C61537;
			remoteInfo = Ticketer;
		};
/* End PBXContainerItemProxy section */

/* Begin PBXFileReference section */
		D03E04CF2A829EAB0073973E /* Ticket.xcdatamodel */ = {isa = PBXFileReference; lastKnownFileType = wrapper.xcdatamodel; path = Ticket.xcdatamodel; sourceTree = "<group>"; };
		D08D7F9D2A83AA8B001D4925 /* QRCodeScannerModel.swift */ = {isa = PBXFileReference; lastKnownFileType = sourcecode.swift; path = QRCodeScannerModel.swift; sourceTree = "<group>"; };
		D08D7F9F2A83AABA001D4925 /* QRCodeScannerView.swift */ = {isa = PBXFileReference; lastKnownFileType = sourcecode.swift; path = QRCodeScannerView.swift; sourceTree = "<group>"; };
		D0930C072A8BAD6100DE074E /* QRCodeScannerEnvironment.swift */ = {isa = PBXFileReference; lastKnownFileType = sourcecode.swift; path = QRCodeScannerEnvironment.swift; sourceTree = "<group>"; };
		D0AF237F2A83D08E0019504A /* PersistenceController.swift */ = {isa = PBXFileReference; lastKnownFileType = sourcecode.swift; path = PersistenceController.swift; sourceTree = "<group>"; };
		D0CF04482A8292D200CEEE8E /* Ticket.swift */ = {isa = PBXFileReference; lastKnownFileType = sourcecode.swift; path = Ticket.swift; sourceTree = "<group>"; };
		D0CF044E2A8293DE00CEEE8E /* MainView.swift */ = {isa = PBXFileReference; lastKnownFileType = sourcecode.swift; path = MainView.swift; sourceTree = "<group>"; };
		D0CF04502A82940C00CEEE8E /* InitView.swift */ = {isa = PBXFileReference; lastKnownFileType = sourcecode.swift; path = InitView.swift; sourceTree = "<group>"; };
		D0CF04522A82942A00CEEE8E /* DatabaseView.swift */ = {isa = PBXFileReference; lastKnownFileType = sourcecode.swift; path = DatabaseView.swift; sourceTree = "<group>"; };
		D0CF04542A82944D00CEEE8E /* ScanView.swift */ = {isa = PBXFileReference; lastKnownFileType = sourcecode.swift; path = ScanView.swift; sourceTree = "<group>"; };
		D0E9C8EA2A82909C00C61537 /* Ticketer.app */ = {isa = PBXFileReference; explicitFileType = wrapper.application; includeInIndex = 0; path = Ticketer.app; sourceTree = BUILT_PRODUCTS_DIR; };
		D0E9C8ED2A82909C00C61537 /* TicketerApp.swift */ = {isa = PBXFileReference; lastKnownFileType = sourcecode.swift; path = TicketerApp.swift; sourceTree = "<group>"; };
		D0E9C8F12A82909D00C61537 /* Assets.xcassets */ = {isa = PBXFileReference; lastKnownFileType = folder.assetcatalog; path = Assets.xcassets; sourceTree = "<group>"; };
		D0E9C8F42A82909D00C61537 /* Preview Assets.xcassets */ = {isa = PBXFileReference; lastKnownFileType = folder.assetcatalog; path = "Preview Assets.xcassets"; sourceTree = "<group>"; };
		D0E9C8FA2A82909D00C61537 /* TicketerTests.xctest */ = {isa = PBXFileReference; explicitFileType = wrapper.cfbundle; includeInIndex = 0; path = TicketerTests.xctest; sourceTree = BUILT_PRODUCTS_DIR; };
		D0E9C8FE2A82909D00C61537 /* TicketerTests.swift */ = {isa = PBXFileReference; lastKnownFileType = sourcecode.swift; path = TicketerTests.swift; sourceTree = "<group>"; };
		D0E9C9042A82909D00C61537 /* TicketerUITests.xctest */ = {isa = PBXFileReference; explicitFileType = wrapper.cfbundle; includeInIndex = 0; path = TicketerUITests.xctest; sourceTree = BUILT_PRODUCTS_DIR; };
		D0E9C9082A82909D00C61537 /* TicketerUITests.swift */ = {isa = PBXFileReference; lastKnownFileType = sourcecode.swift; path = TicketerUITests.swift; sourceTree = "<group>"; };
		D0E9C90A2A82909D00C61537 /* TicketerUITestsLaunchTests.swift */ = {isa = PBXFileReference; lastKnownFileType = sourcecode.swift; path = TicketerUITestsLaunchTests.swift; sourceTree = "<group>"; };
/* End PBXFileReference section */

/* Begin PBXFrameworksBuildPhase section */
		D0E9C8E72A82909C00C61537 /* Frameworks */ = {
			isa = PBXFrameworksBuildPhase;
			buildActionMask = 2147483647;
			files = (
			);
			runOnlyForDeploymentPostprocessing = 0;
		};
		D0E9C8F72A82909D00C61537 /* Frameworks */ = {
			isa = PBXFrameworksBuildPhase;
			buildActionMask = 2147483647;
			files = (
			);
			runOnlyForDeploymentPostprocessing = 0;
		};
		D0E9C9012A82909D00C61537 /* Frameworks */ = {
			isa = PBXFrameworksBuildPhase;
			buildActionMask = 2147483647;
			files = (
			);
			runOnlyForDeploymentPostprocessing = 0;
		};
/* End PBXFrameworksBuildPhase section */

/* Begin PBXGroup section */
		D0E9C8E12A82909C00C61537 = {
			isa = PBXGroup;
			children = (
				D0E9C8EC2A82909C00C61537 /* Ticketer */,
				D0E9C8FD2A82909D00C61537 /* TicketerTests */,
				D0E9C9072A82909D00C61537 /* TicketerUITests */,
				D0E9C8EB2A82909C00C61537 /* Products */,
			);
			sourceTree = "<group>";
		};
		D0E9C8EB2A82909C00C61537 /* Products */ = {
			isa = PBXGroup;
			children = (
				D0E9C8EA2A82909C00C61537 /* Ticketer.app */,
				D0E9C8FA2A82909D00C61537 /* TicketerTests.xctest */,
				D0E9C9042A82909D00C61537 /* TicketerUITests.xctest */,
			);
			name = Products;
			sourceTree = "<group>";
		};
		D0E9C8EC2A82909C00C61537 /* Ticketer */ = {
			isa = PBXGroup;
			children = (
				D0E9C8ED2A82909C00C61537 /* TicketerApp.swift */,
				D0CF044E2A8293DE00CEEE8E /* MainView.swift */,
				D0CF04502A82940C00CEEE8E /* InitView.swift */,
				D0CF04542A82944D00CEEE8E /* ScanView.swift */,
				D0CF04522A82942A00CEEE8E /* DatabaseView.swift */,
				D0CF04482A8292D200CEEE8E /* Ticket.swift */,
				D08D7F9D2A83AA8B001D4925 /* QRCodeScannerModel.swift */,
				D08D7F9F2A83AABA001D4925 /* QRCodeScannerView.swift */,
				D0E9C8F12A82909D00C61537 /* Assets.xcassets */,
				D0E9C8F32A82909D00C61537 /* Preview Content */,
				D03E04CE2A829EAB0073973E /* Ticket.xcdatamodeld */,
				D0AF237F2A83D08E0019504A /* PersistenceController.swift */,
				D0930C072A8BAD6100DE074E /* QRCodeScannerEnvironment.swift */,
			);
			path = Ticketer;
			sourceTree = "<group>";
		};
		D0E9C8F32A82909D00C61537 /* Preview Content */ = {
			isa = PBXGroup;
			children = (
				D0E9C8F42A82909D00C61537 /* Preview Assets.xcassets */,
			);
			path = "Preview Content";
			sourceTree = "<group>";
		};
		D0E9C8FD2A82909D00C61537 /* TicketerTests */ = {
			isa = PBXGroup;
			children = (
				D0E9C8FE2A82909D00C61537 /* TicketerTests.swift */,
			);
			path = TicketerTests;
			sourceTree = "<group>";
		};
		D0E9C9072A82909D00C61537 /* TicketerUITests */ = {
			isa = PBXGroup;
			children = (
				D0E9C9082A82909D00C61537 /* TicketerUITests.swift */,
				D0E9C90A2A82909D00C61537 /* TicketerUITestsLaunchTests.swift */,
			);
			path = TicketerUITests;
			sourceTree = "<group>";
		};
/* End PBXGroup section */

/* Begin PBXNativeTarget section */
		D0E9C8E92A82909C00C61537 /* Ticketer */ = {
			isa = PBXNativeTarget;
			buildConfigurationList = D0E9C90E2A82909D00C61537 /* Build configuration list for PBXNativeTarget "Ticketer" */;
			buildPhases = (
				D0E9C8E62A82909C00C61537 /* Sources */,
				D0E9C8E72A82909C00C61537 /* Frameworks */,
				D0E9C8E82A82909C00C61537 /* Resources */,
			);
			buildRules = (
			);
			dependencies = (
			);
			name = Ticketer;
			productName = Ticketer;
			productReference = D0E9C8EA2A82909C00C61537 /* Ticketer.app */;
			productType = "com.apple.product-type.application";
		};
		D0E9C8F92A82909D00C61537 /* TicketerTests */ = {
			isa = PBXNativeTarget;
			buildConfigurationList = D0E9C9112A82909D00C61537 /* Build configuration list for PBXNativeTarget "TicketerTests" */;
			buildPhases = (
				D0E9C8F62A82909D00C61537 /* Sources */,
				D0E9C8F72A82909D00C61537 /* Frameworks */,
				D0E9C8F82A82909D00C61537 /* Resources */,
			);
			buildRules = (
			);
			dependencies = (
				D0E9C8FC2A82909D00C61537 /* PBXTargetDependency */,
			);
			name = TicketerTests;
			productName = TicketerTests;
			productReference = D0E9C8FA2A82909D00C61537 /* TicketerTests.xctest */;
			productType = "com.apple.product-type.bundle.unit-test";
		};
		D0E9C9032A82909D00C61537 /* TicketerUITests */ = {
			isa = PBXNativeTarget;
			buildConfigurationList = D0E9C9142A82909D00C61537 /* Build configuration list for PBXNativeTarget "TicketerUITests" */;
			buildPhases = (
				D0E9C9002A82909D00C61537 /* Sources */,
				D0E9C9012A82909D00C61537 /* Frameworks */,
				D0E9C9022A82909D00C61537 /* Resources */,
			);
			buildRules = (
			);
			dependencies = (
				D0E9C9062A82909D00C61537 /* PBXTargetDependency */,
			);
			name = TicketerUITests;
			productName = TicketerUITests;
			productReference = D0E9C9042A82909D00C61537 /* TicketerUITests.xctest */;
			productType = "com.apple.product-type.bundle.ui-testing";
		};
/* End PBXNativeTarget section */

/* Begin PBXProject section */
		D0E9C8E22A82909C00C61537 /* Project object */ = {
			isa = PBXProject;
			attributes = {
				BuildIndependentTargetsInParallel = 1;
				LastSwiftUpdateCheck = 1430;
				LastUpgradeCheck = 1430;
				TargetAttributes = {
					D0E9C8E92A82909C00C61537 = {
						CreatedOnToolsVersion = 14.3.1;
					};
					D0E9C8F92A82909D00C61537 = {
						CreatedOnToolsVersion = 14.3.1;
						TestTargetID = D0E9C8E92A82909C00C61537;
					};
					D0E9C9032A82909D00C61537 = {
						CreatedOnToolsVersion = 14.3.1;
						TestTargetID = D0E9C8E92A82909C00C61537;
					};
				};
			};
			buildConfigurationList = D0E9C8E52A82909C00C61537 /* Build configuration list for PBXProject "Ticketer" */;
			compatibilityVersion = "Xcode 14.0";
			developmentRegion = en;
			hasScannedForEncodings = 0;
			knownRegions = (
				en,
				Base,
			);
			mainGroup = D0E9C8E12A82909C00C61537;
			productRefGroup = D0E9C8EB2A82909C00C61537 /* Products */;
			projectDirPath = "";
			projectRoot = "";
			targets = (
				D0E9C8E92A82909C00C61537 /* Ticketer */,
				D0E9C8F92A82909D00C61537 /* TicketerTests */,
				D0E9C9032A82909D00C61537 /* TicketerUITests */,
			);
		};
/* End PBXProject section */

/* Begin PBXResourcesBuildPhase section */
		D0E9C8E82A82909C00C61537 /* Resources */ = {
			isa = PBXResourcesBuildPhase;
			buildActionMask = 2147483647;
			files = (
				D0E9C8F52A82909D00C61537 /* Preview Assets.xcassets in Resources */,
				D0E9C8F22A82909D00C61537 /* Assets.xcassets in Resources */,
			);
			runOnlyForDeploymentPostprocessing = 0;
		};
		D0E9C8F82A82909D00C61537 /* Resources */ = {
			isa = PBXResourcesBuildPhase;
			buildActionMask = 2147483647;
			files = (
			);
			runOnlyForDeploymentPostprocessing = 0;
		};
		D0E9C9022A82909D00C61537 /* Resources */ = {
			isa = PBXResourcesBuildPhase;
			buildActionMask = 2147483647;
			files = (
			);
			runOnlyForDeploymentPostprocessing = 0;
		};
/* End PBXResourcesBuildPhase section */

/* Begin PBXSourcesBuildPhase section */
		D0E9C8E62A82909C00C61537 /* Sources */ = {
			isa = PBXSourcesBuildPhase;
			buildActionMask = 2147483647;
			files = (
				D0CF044F2A8293DE00CEEE8E /* MainView.swift in Sources */,
				D0930C082A8BAD6100DE074E /* QRCodeScannerEnvironment.swift in Sources */,
				D03E04D02A829EAB0073973E /* Ticket.xcdatamodeld in Sources */,
				D0CF04492A8292D200CEEE8E /* Ticket.swift in Sources */,
				D0CF04512A82940C00CEEE8E /* InitView.swift in Sources */,
				D08D7F9E2A83AA8B001D4925 /* QRCodeScannerModel.swift in Sources */,
				D08D7FA02A83AABA001D4925 /* QRCodeScannerView.swift in Sources */,
				D0E9C8EE2A82909C00C61537 /* TicketerApp.swift in Sources */,
				D0CF04532A82942A00CEEE8E /* DatabaseView.swift in Sources */,
				D0CF04552A82944D00CEEE8E /* ScanView.swift in Sources */,
				D0AF23802A83D08E0019504A /* PersistenceController.swift in Sources */,
			);
			runOnlyForDeploymentPostprocessing = 0;
		};
		D0E9C8F62A82909D00C61537 /* Sources */ = {
			isa = PBXSourcesBuildPhase;
			buildActionMask = 2147483647;
			files = (
				D0E9C8FF2A82909D00C61537 /* TicketerTests.swift in Sources */,
			);
			runOnlyForDeploymentPostprocessing = 0;
		};
		D0E9C9002A82909D00C61537 /* Sources */ = {
			isa = PBXSourcesBuildPhase;
			buildActionMask = 2147483647;
			files = (
				D0E9C90B2A82909D00C61537 /* TicketerUITestsLaunchTests.swift in Sources */,
				D0E9C9092A82909D00C61537 /* TicketerUITests.swift in Sources */,
			);
			runOnlyForDeploymentPostprocessing = 0;
		};
/* End PBXSourcesBuildPhase section */

/* Begin PBXTargetDependency section */
		D0E9C8FC2A82909D00C61537 /* PBXTargetDependency */ = {
			isa = PBXTargetDependency;
			target = D0E9C8E92A82909C00C61537 /* Ticketer */;
			targetProxy = D0E9C8FB2A82909D00C61537 /* PBXContainerItemProxy */;
		};
		D0E9C9062A82909D00C61537 /* PBXTargetDependency */ = {
			isa = PBXTargetDependency;
			target = D0E9C8E92A82909C00C61537 /* Ticketer */;
			targetProxy = D0E9C9052A82909D00C61537 /* PBXContainerItemProxy */;
		};
/* End PBXTargetDependency section */

/* Begin XCBuildConfiguration section */
		D0E9C90C2A82909D00C61537 /* Debug */ = {
			isa = XCBuildConfiguration;
			buildSettings = {
				ALWAYS_SEARCH_USER_PATHS = NO;
				CLANG_ANALYZER_NONNULL = YES;
				CLANG_ANALYZER_NUMBER_OBJECT_CONVERSION = YES_AGGRESSIVE;
				CLANG_CXX_LANGUAGE_STANDARD = "gnu++20";
				CLANG_ENABLE_MODULES = YES;
				CLANG_ENABLE_OBJC_ARC = YES;
				CLANG_ENABLE_OBJC_WEAK = YES;
				CLANG_WARN_BLOCK_CAPTURE_AUTORELEASING = YES;
				CLANG_WARN_BOOL_CONVERSION = YES;
				CLANG_WARN_COMMA = YES;
				CLANG_WARN_CONSTANT_CONVERSION = YES;
				CLANG_WARN_DEPRECATED_OBJC_IMPLEMENTATIONS = YES;
				CLANG_WARN_DIRECT_OBJC_ISA_USAGE = YES_ERROR;
				CLANG_WARN_DOCUMENTATION_COMMENTS = YES;
				CLANG_WARN_EMPTY_BODY = YES;
				CLANG_WARN_ENUM_CONVERSION = YES;
				CLANG_WARN_INFINITE_RECURSION = YES;
				CLANG_WARN_INT_CONVERSION = YES;
				CLANG_WARN_NON_LITERAL_NULL_CONVERSION = YES;
				CLANG_WARN_OBJC_IMPLICIT_RETAIN_SELF = YES;
				CLANG_WARN_OBJC_LITERAL_CONVERSION = YES;
				CLANG_WARN_OBJC_ROOT_CLASS = YES_ERROR;
				CLANG_WARN_QUOTED_INCLUDE_IN_FRAMEWORK_HEADER = YES;
				CLANG_WARN_RANGE_LOOP_ANALYSIS = YES;
				CLANG_WARN_STRICT_PROTOTYPES = YES;
				CLANG_WARN_SUSPICIOUS_MOVE = YES;
				CLANG_WARN_UNGUARDED_AVAILABILITY = YES_AGGRESSIVE;
				CLANG_WARN_UNREACHABLE_CODE = YES;
				CLANG_WARN__DUPLICATE_METHOD_MATCH = YES;
				COPY_PHASE_STRIP = NO;
				DEBUG_INFORMATION_FORMAT = dwarf;
				ENABLE_STRICT_OBJC_MSGSEND = YES;
				ENABLE_TESTABILITY = YES;
				GCC_C_LANGUAGE_STANDARD = gnu11;
				GCC_DYNAMIC_NO_PIC = NO;
				GCC_NO_COMMON_BLOCKS = YES;
				GCC_OPTIMIZATION_LEVEL = 0;
				GCC_PREPROCESSOR_DEFINITIONS = (
					"DEBUG=1",
					"$(inherited)",
				);
				GCC_WARN_64_TO_32_BIT_CONVERSION = YES;
				GCC_WARN_ABOUT_RETURN_TYPE = YES_ERROR;
				GCC_WARN_UNDECLARED_SELECTOR = YES;
				GCC_WARN_UNINITIALIZED_AUTOS = YES_AGGRESSIVE;
				GCC_WARN_UNUSED_FUNCTION = YES;
				GCC_WARN_UNUSED_VARIABLE = YES;
				IPHONEOS_DEPLOYMENT_TARGET = 16.3;
				MTL_ENABLE_DEBUG_INFO = INCLUDE_SOURCE;
				MTL_FAST_MATH = YES;
				ONLY_ACTIVE_ARCH = YES;
				SDKROOT = iphoneos;
				SWIFT_ACTIVE_COMPILATION_CONDITIONS = DEBUG;
				SWIFT_OPTIMIZATION_LEVEL = "-Onone";
			};
			name = Debug;
		};
		D0E9C90D2A82909D00C61537 /* Release */ = {
			isa = XCBuildConfiguration;
			buildSettings = {
				ALWAYS_SEARCH_USER_PATHS = NO;
				CLANG_ANALYZER_NONNULL = YES;
				CLANG_ANALYZER_NUMBER_OBJECT_CONVERSION = YES_AGGRESSIVE;
				CLANG_CXX_LANGUAGE_STANDARD = "gnu++20";
				CLANG_ENABLE_MODULES = YES;
				CLANG_ENABLE_OBJC_ARC = YES;
				CLANG_ENABLE_OBJC_WEAK = YES;
				CLANG_WARN_BLOCK_CAPTURE_AUTORELEASING = YES;
				CLANG_WARN_BOOL_CONVERSION = YES;
				CLANG_WARN_COMMA = YES;
				CLANG_WARN_CONSTANT_CONVERSION = YES;
				CLANG_WARN_DEPRECATED_OBJC_IMPLEMENTATIONS = YES;
				CLANG_WARN_DIRECT_OBJC_ISA_USAGE = YES_ERROR;
				CLANG_WARN_DOCUMENTATION_COMMENTS = YES;
				CLANG_WARN_EMPTY_BODY = YES;
				CLANG_WARN_ENUM_CONVERSION = YES;
				CLANG_WARN_INFINITE_RECURSION = YES;
				CLANG_WARN_INT_CONVERSION = YES;
				CLANG_WARN_NON_LITERAL_NULL_CONVERSION = YES;
				CLANG_WARN_OBJC_IMPLICIT_RETAIN_SELF = YES;
				CLANG_WARN_OBJC_LITERAL_CONVERSION = YES;
				CLANG_WARN_OBJC_ROOT_CLASS = YES_ERROR;
				CLANG_WARN_QUOTED_INCLUDE_IN_FRAMEWORK_HEADER = YES;
				CLANG_WARN_RANGE_LOOP_ANALYSIS = YES;
				CLANG_WARN_STRICT_PROTOTYPES = YES;
				CLANG_WARN_SUSPICIOUS_MOVE = YES;
				CLANG_WARN_UNGUARDED_AVAILABILITY = YES_AGGRESSIVE;
				CLANG_WARN_UNREACHABLE_CODE = YES;
				CLANG_WARN__DUPLICATE_METHOD_MATCH = YES;
				COPY_PHASE_STRIP = NO;
				DEBUG_INFORMATION_FORMAT = "dwarf-with-dsym";
				ENABLE_NS_ASSERTIONS = NO;
				ENABLE_STRICT_OBJC_MSGSEND = YES;
				GCC_C_LANGUAGE_STANDARD = gnu11;
				GCC_NO_COMMON_BLOCKS = YES;
				GCC_WARN_64_TO_32_BIT_CONVERSION = YES;
				GCC_WARN_ABOUT_RETURN_TYPE = YES_ERROR;
				GCC_WARN_UNDECLARED_SELECTOR = YES;
				GCC_WARN_UNINITIALIZED_AUTOS = YES_AGGRESSIVE;
				GCC_WARN_UNUSED_FUNCTION = YES;
				GCC_WARN_UNUSED_VARIABLE = YES;
				IPHONEOS_DEPLOYMENT_TARGET = 16.3;
				MTL_ENABLE_DEBUG_INFO = NO;
				MTL_FAST_MATH = YES;
				SDKROOT = iphoneos;
				SWIFT_COMPILATION_MODE = wholemodule;
				SWIFT_OPTIMIZATION_LEVEL = "-O";
				VALIDATE_PRODUCT = YES;
			};
			name = Release;
		};
		D0E9C90F2A82909D00C61537 /* Debug */ = {
			isa = XCBuildConfiguration;
			buildSettings = {
				ASSETCATALOG_COMPILER_APPICON_NAME = AppIcon;
				ASSETCATALOG_COMPILER_GLOBAL_ACCENT_COLOR_NAME = AccentColor;
				CODE_SIGN_STYLE = Automatic;
				CURRENT_PROJECT_VERSION = 1;
				DEVELOPMENT_ASSET_PATHS = "\"Ticketer/Preview Content\"";
				DEVELOPMENT_TEAM = Q47UN765KL;
				ENABLE_PREVIEWS = YES;
				GENERATE_INFOPLIST_FILE = YES;
				INFOPLIST_KEY_NSCameraUsageDescription = "This app needs camera access to scan QR codes.";
				INFOPLIST_KEY_UIApplicationSceneManifest_Generation = YES;
				INFOPLIST_KEY_UIApplicationSupportsIndirectInputEvents = YES;
				INFOPLIST_KEY_UILaunchScreen_Generation = YES;
				INFOPLIST_KEY_UISupportedInterfaceOrientations_iPad = "UIInterfaceOrientationPortrait UIInterfaceOrientationPortraitUpsideDown UIInterfaceOrientationLandscapeLeft UIInterfaceOrientationLandscapeRight";
				INFOPLIST_KEY_UISupportedInterfaceOrientations_iPhone = "UIInterfaceOrientationPortrait UIInterfaceOrientationLandscapeLeft UIInterfaceOrientationLandscapeRight";
				LD_RUNPATH_SEARCH_PATHS = (
					"$(inherited)",
					"@executable_path/Frameworks",
				);
				MARKETING_VERSION = 1.0;
				PRODUCT_BUNDLE_IDENTIFIER = peter.osusky.Ticketer;
				PRODUCT_NAME = "$(TARGET_NAME)";
				SWIFT_EMIT_LOC_STRINGS = YES;
				SWIFT_VERSION = 5.0;
				TARGETED_DEVICE_FAMILY = "1,2";
			};
			name = Debug;
		};
		D0E9C9102A82909D00C61537 /* Release */ = {
			isa = XCBuildConfiguration;
			buildSettings = {
				ASSETCATALOG_COMPILER_APPICON_NAME = AppIcon;
				ASSETCATALOG_COMPILER_GLOBAL_ACCENT_COLOR_NAME = AccentColor;
				CODE_SIGN_STYLE = Automatic;
				CURRENT_PROJECT_VERSION = 1;
				DEVELOPMENT_ASSET_PATHS = "\"Ticketer/Preview Content\"";
				DEVELOPMENT_TEAM = Q47UN765KL;
				ENABLE_PREVIEWS = YES;
				GENERATE_INFOPLIST_FILE = YES;
				INFOPLIST_KEY_NSCameraUsageDescription = "This app needs camera access to scan QR codes.";
				INFOPLIST_KEY_UIApplicationSceneManifest_Generation = YES;
				INFOPLIST_KEY_UIApplicationSupportsIndirectInputEvents = YES;
				INFOPLIST_KEY_UILaunchScreen_Generation = YES;
				INFOPLIST_KEY_UISupportedInterfaceOrientations_iPad = "UIInterfaceOrientationPortrait UIInterfaceOrientationPortraitUpsideDown UIInterfaceOrientationLandscapeLeft UIInterfaceOrientationLandscapeRight";
				INFOPLIST_KEY_UISupportedInterfaceOrientations_iPhone = "UIInterfaceOrientationPortrait UIInterfaceOrientationLandscapeLeft UIInterfaceOrientationLandscapeRight";
				LD_RUNPATH_SEARCH_PATHS = (
					"$(inherited)",
					"@executable_path/Frameworks",
				);
				MARKETING_VERSION = 1.0;
				PRODUCT_BUNDLE_IDENTIFIER = peter.osusky.Ticketer;
				PRODUCT_NAME = "$(TARGET_NAME)";
				SWIFT_EMIT_LOC_STRINGS = YES;
				SWIFT_VERSION = 5.0;
				TARGETED_DEVICE_FAMILY = "1,2";
			};
			name = Release;
		};
		D0E9C9122A82909D00C61537 /* Debug */ = {
			isa = XCBuildConfiguration;
			buildSettings = {
				ALWAYS_EMBED_SWIFT_STANDARD_LIBRARIES = YES;
				BUNDLE_LOADER = "$(TEST_HOST)";
				CODE_SIGN_STYLE = Automatic;
				CURRENT_PROJECT_VERSION = 1;
				DEVELOPMENT_TEAM = Q47UN765KL;
				GENERATE_INFOPLIST_FILE = YES;
				IPHONEOS_DEPLOYMENT_TARGET = 16.4;
				MARKETING_VERSION = 1.0;
				PRODUCT_BUNDLE_IDENTIFIER = peter.osusky.TicketerTests;
				PRODUCT_NAME = "$(TARGET_NAME)";
				SWIFT_EMIT_LOC_STRINGS = NO;
				SWIFT_VERSION = 5.0;
				TARGETED_DEVICE_FAMILY = "1,2";
				TEST_HOST = "$(BUILT_PRODUCTS_DIR)/Ticketer.app/$(BUNDLE_EXECUTABLE_FOLDER_PATH)/Ticketer";
			};
			name = Debug;
		};
		D0E9C9132A82909D00C61537 /* Release */ = {
			isa = XCBuildConfiguration;
			buildSettings = {
				ALWAYS_EMBED_SWIFT_STANDARD_LIBRARIES = YES;
				BUNDLE_LOADER = "$(TEST_HOST)";
				CODE_SIGN_STYLE = Automatic;
				CURRENT_PROJECT_VERSION = 1;
				DEVELOPMENT_TEAM = Q47UN765KL;
				GENERATE_INFOPLIST_FILE = YES;
				IPHONEOS_DEPLOYMENT_TARGET = 16.4;
				MARKETING_VERSION = 1.0;
				PRODUCT_BUNDLE_IDENTIFIER = peter.osusky.TicketerTests;
				PRODUCT_NAME = "$(TARGET_NAME)";
				SWIFT_EMIT_LOC_STRINGS = NO;
				SWIFT_VERSION = 5.0;
				TARGETED_DEVICE_FAMILY = "1,2";
				TEST_HOST = "$(BUILT_PRODUCTS_DIR)/Ticketer.app/$(BUNDLE_EXECUTABLE_FOLDER_PATH)/Ticketer";
			};
			name = Release;
		};
		D0E9C9152A82909D00C61537 /* Debug */ = {
			isa = XCBuildConfiguration;
			buildSettings = {
				ALWAYS_EMBED_SWIFT_STANDARD_LIBRARIES = YES;
				CODE_SIGN_STYLE = Automatic;
				CURRENT_PROJECT_VERSION = 1;
				DEVELOPMENT_TEAM = Q47UN765KL;
				GENERATE_INFOPLIST_FILE = YES;
				MARKETING_VERSION = 1.0;
				PRODUCT_BUNDLE_IDENTIFIER = peter.osusky.TicketerUITests;
				PRODUCT_NAME = "$(TARGET_NAME)";
				SWIFT_EMIT_LOC_STRINGS = NO;
				SWIFT_VERSION = 5.0;
				TARGETED_DEVICE_FAMILY = "1,2";
				TEST_TARGET_NAME = Ticketer;
			};
			name = Debug;
		};
		D0E9C9162A82909D00C61537 /* Release */ = {
			isa = XCBuildConfiguration;
			buildSettings = {
				ALWAYS_EMBED_SWIFT_STANDARD_LIBRARIES = YES;
				CODE_SIGN_STYLE = Automatic;
				CURRENT_PROJECT_VERSION = 1;
				DEVELOPMENT_TEAM = Q47UN765KL;
				GENERATE_INFOPLIST_FILE = YES;
				MARKETING_VERSION = 1.0;
				PRODUCT_BUNDLE_IDENTIFIER = peter.osusky.TicketerUITests;
				PRODUCT_NAME = "$(TARGET_NAME)";
				SWIFT_EMIT_LOC_STRINGS = NO;
				SWIFT_VERSION = 5.0;
				TARGETED_DEVICE_FAMILY = "1,2";
				TEST_TARGET_NAME = Ticketer;
			};
			name = Release;
		};
/* End XCBuildConfiguration section */

/* Begin XCConfigurationList section */
		D0E9C8E52A82909C00C61537 /* Build configuration list for PBXProject "Ticketer" */ = {
			isa = XCConfigurationList;
			buildConfigurations = (
				D0E9C90C2A82909D00C61537 /* Debug */,
				D0E9C90D2A82909D00C61537 /* Release */,
			);
			defaultConfigurationIsVisible = 0;
			defaultConfigurationName = Release;
		};
		D0E9C90E2A82909D00C61537 /* Build configuration list for PBXNativeTarget "Ticketer" */ = {
			isa = XCConfigurationList;
			buildConfigurations = (
				D0E9C90F2A82909D00C61537 /* Debug */,
				D0E9C9102A82909D00C61537 /* Release */,
			);
			defaultConfigurationIsVisible = 0;
			defaultConfigurationName = Release;
		};
		D0E9C9112A82909D00C61537 /* Build configuration list for PBXNativeTarget "TicketerTests" */ = {
			isa = XCConfigurationList;
			buildConfigurations = (
				D0E9C9122A82909D00C61537 /* Debug */,
				D0E9C9132A82909D00C61537 /* Release */,
			);
			defaultConfigurationIsVisible = 0;
			defaultConfigurationName = Release;
		};
		D0E9C9142A82909D00C61537 /* Build configuration list for PBXNativeTarget "TicketerUITests" */ = {
			isa = XCConfigurationList;
			buildConfigurations = (
				D0E9C9152A82909D00C61537 /* Debug */,
				D0E9C9162A82909D00C61537 /* Release */,
			);
			defaultConfigurationIsVisible = 0;
			defaultConfigurationName = Release;
		};
/* End XCConfigurationList section */

/* Begin XCVersionGroup section */
		D03E04CE2A829EAB0073973E /* Ticket.xcdatamodeld */ = {
			isa = XCVersionGroup;
			children = (
				D03E04CF2A829EAB0073973E /* Ticket.xcdatamodel */,
			);
			currentVersion = D03E04CF2A829EAB0073973E /* Ticket.xcdatamodel */;
			path = Ticket.xcdatamodeld;
			sourceTree = "<group>";
			versionGroupType = wrapper.xcdatamodel;
		};
/* End XCVersionGroup section */
	};
	rootObject = D0E9C8E22A82909C00C61537 /* Project object */;
}
